
Microsoft Visual Studio Solution File, Format Version 12.00
# Visual Studio Version 17
VisualStudioVersion = 17.0.31903.59
MinimumVisualStudioVersion = 10.0.40219.1
Project("{2150E333-8FDC-42A3-9474-1A3956D46DE8}") = "packages", "packages", "{809F86A1-1C4C-B159-0CD4-DF9D33D876CE}"
EndProject
Project("{2150E333-8FDC-42A3-9474-1A3956D46DE8}") = "dotnet-shared", "dotnet-shared", "{759E5A82-EF5D-1EE1-AFC2-FD6B9E0C5E77}"
EndProject
Project("{FAE04EC0-301F-11D3-BF4B-00C04F79EFBC}") = "Pogo.Shared.Kernel", "packages\dotnet-shared\Pogo.Shared.Kernel\Pogo.Shared.Kernel.csproj", "{7BE731F1-FE77-4B00-A60F-94EE9F548E8D}"
EndProject
Project("{FAE04EC0-301F-11D3-BF4B-00C04F79EFBC}") = "Pogo.Shared.Infrastructure", "packages\dotnet-shared\Pogo.Shared.Infrastructure\Pogo.Shared.Infrastructure.csproj", "{359BA2D5-7CE6-442F-8D3F-F9442D08D387}"
EndProject
Project("{FAE04EC0-301F-11D3-BF4B-00C04F79EFBC}") = "Pogo.Shared.Application", "packages\dotnet-shared\Pogo.Shared.Application\Pogo.Shared.Application.csproj", "{C17173D2-5A13-45CA-8D4A-83283B029F63}"
EndProject
Project("{FAE04EC0-301F-11D3-BF4B-00C04F79EFBC}") = "Pogo.Shared.API", "packages\dotnet-shared\Pogo.Shared.API\Pogo.Shared.API.csproj", "{3114C7DD-86C2-4709-845F-DF5563F67A7B}"
EndProject
Project("{2150E333-8FDC-42A3-9474-1A3956D46DE8}") = "apps", "apps", "{1787FE1D-075E-9E68-7218-25F1BD1BBEAB}"
EndProject
Project("{2150E333-8FDC-42A3-9474-1A3956D46DE8}") = "backend", "backend", "{270F7A58-C097-D64B-0343-582534E94D4F}"
EndProject
Project("{2150E333-8FDC-42A3-9474-1A3956D46DE8}") = "microservices", "microservices", "{1920CBB4-FE27-C142-3384-D49AA758F490}"
EndProject
Project("{FAE04EC0-301F-11D3-BF4B-00C04F79EFBC}") = "Account.Service", "apps\backend\microservices\Account.Service\Account.Service.csproj", "{16E51888-3B54-45DB-90E1-C1E413541EE6}"
EndProject
Project("{FAE04EC0-301F-11D3-BF4B-00C04F79EFBC}") = "Player.Service", "apps\backend\microservices\Player.Service\Player.Service.csproj", "{E947956B-8D58-4439-9272-3678BB999632}"
EndProject
Project("{FAE04EC0-301F-11D3-BF4B-00C04F79EFBC}") = "Location.Service", "apps\backend\microservices\Location.Service\Location.Service.csproj", "{F59D5B87-9EF0-4C0D-B702-E490621CC4AD}"
EndProject
Project("{FAE04EC0-301F-11D3-BF4B-00C04F79EFBC}") = "Gym.Service", "apps\backend\microservices\Gym.Service\Gym.Service.csproj", "{BB4EB2B5-F257-4E3E-9AE7-5D9FFE1CC134}"
EndProject
Project("{FAE04EC0-301F-11D3-BF4B-00C04F79EFBC}") = "Raid.Service", "apps\backend\microservices\Raid.Service\Raid.Service.csproj", "{C893CEEC-DEA1-4EC1-8D48-CEAB0AE24821}"
EndProject
Project("{2150E333-8FDC-42A3-9474-1A3956D46DE8}") = "gateways", "gateways", "{3EAB8F00-DFE9-4340-BE53-6BB9AFCFD3E5}"
EndProject
Project("{FAE04EC0-301F-11D3-BF4B-00C04F79EFBC}") = "Bot.BFF", "apps\backend\gateways\Bot.BFF\Bot.BFF.csproj", "{6B4A879D-7207-42CE-A39A-9AEE3DEFE4BD}"
EndProject
Project("{FAE04EC0-301F-11D3-BF4B-00C04F79EFBC}") = "App.BFF", "apps\backend\gateways\App.BFF\App.BFF.csproj", "{A617B418-9522-4EE9-9485-CBAA0C387862}"
EndProject
Global
	GlobalSection(SolutionConfigurationPlatforms) = preSolution
		Debug|Any CPU = Debug|Any CPU
		Debug|x64 = Debug|x64
		Debug|x86 = Debug|x86
		Release|Any CPU = Release|Any CPU
		Release|x64 = Release|x64
		Release|x86 = Release|x86
	EndGlobalSection
	GlobalSection(ProjectConfigurationPlatforms) = postSolution
		{7BE731F1-FE77-4B00-A60F-94EE9F548E8D}.Debug|Any CPU.ActiveCfg = Debug|Any CPU
		{7BE731F1-FE77-4B00-A60F-94EE9F548E8D}.Debug|Any CPU.Build.0 = Debug|Any CPU
		{7BE731F1-FE77-4B00-A60F-94EE9F548E8D}.Debug|x64.ActiveCfg = Debug|Any CPU
		{7BE731F1-FE77-4B00-A60F-94EE9F548E8D}.Debug|x64.Build.0 = Debug|Any CPU
		{7BE731F1-FE77-4B00-A60F-94EE9F548E8D}.Debug|x86.ActiveCfg = Debug|Any CPU
		{7BE731F1-FE77-4B00-A60F-94EE9F548E8D}.Debug|x86.Build.0 = Debug|Any CPU
		{7BE731F1-FE77-4B00-A60F-94EE9F548E8D}.Release|Any CPU.ActiveCfg = Release|Any CPU
		{7BE731F1-FE77-4B00-A60F-94EE9F548E8D}.Release|Any CPU.Build.0 = Release|Any CPU
		{7BE731F1-FE77-4B00-A60F-94EE9F548E8D}.Release|x64.ActiveCfg = Release|Any CPU
		{7BE731F1-FE77-4B00-A60F-94EE9F548E8D}.Release|x64.Build.0 = Release|Any CPU
		{7BE731F1-FE77-4B00-A60F-94EE9F548E8D}.Release|x86.ActiveCfg = Release|Any CPU
		{7BE731F1-FE77-4B00-A60F-94EE9F548E8D}.Release|x86.Build.0 = Release|Any CPU
		{359BA2D5-7CE6-442F-8D3F-F9442D08D387}.Debug|Any CPU.ActiveCfg = Debug|Any CPU
		{359BA2D5-7CE6-442F-8D3F-F9442D08D387}.Debug|Any CPU.Build.0 = Debug|Any CPU
		{359BA2D5-7CE6-442F-8D3F-F9442D08D387}.Debug|x64.ActiveCfg = Debug|Any CPU
		{359BA2D5-7CE6-442F-8D3F-F9442D08D387}.Debug|x64.Build.0 = Debug|Any CPU
		{359BA2D5-7CE6-442F-8D3F-F9442D08D387}.Debug|x86.ActiveCfg = Debug|Any CPU
		{359BA2D5-7CE6-442F-8D3F-F9442D08D387}.Debug|x86.Build.0 = Debug|Any CPU
		{359BA2D5-7CE6-442F-8D3F-F9442D08D387}.Release|Any CPU.ActiveCfg = Release|Any CPU
		{359BA2D5-7CE6-442F-8D3F-F9442D08D387}.Release|Any CPU.Build.0 = Release|Any CPU
		{359BA2D5-7CE6-442F-8D3F-F9442D08D387}.Release|x64.ActiveCfg = Release|Any CPU
		{359BA2D5-7CE6-442F-8D3F-F9442D08D387}.Release|x64.Build.0 = Release|Any CPU
		{359BA2D5-7CE6-442F-8D3F-F9442D08D387}.Release|x86.ActiveCfg = Release|Any CPU
		{359BA2D5-7CE6-442F-8D3F-F9442D08D387}.Release|x86.Build.0 = Release|Any CPU
		{C17173D2-5A13-45CA-8D4A-83283B029F63}.Debug|Any CPU.ActiveCfg = Debug|Any CPU
		{C17173D2-5A13-45CA-8D4A-83283B029F63}.Debug|Any CPU.Build.0 = Debug|Any CPU
		{C17173D2-5A13-45CA-8D4A-83283B029F63}.Debug|x64.ActiveCfg = Debug|Any CPU
		{C17173D2-5A13-45CA-8D4A-83283B029F63}.Debug|x64.Build.0 = Debug|Any CPU
		{C17173D2-5A13-45CA-8D4A-83283B029F63}.Debug|x86.ActiveCfg = Debug|Any CPU
		{C17173D2-5A13-45CA-8D4A-83283B029F63}.Debug|x86.Build.0 = Debug|Any CPU
		{C17173D2-5A13-45CA-8D4A-83283B029F63}.Release|Any CPU.ActiveCfg = Release|Any CPU
		{C17173D2-5A13-45CA-8D4A-83283B029F63}.Release|Any CPU.Build.0 = Release|Any CPU
		{C17173D2-5A13-45CA-8D4A-83283B029F63}.Release|x64.ActiveCfg = Release|Any CPU
		{C17173D2-5A13-45CA-8D4A-83283B029F63}.Release|x64.Build.0 = Release|Any CPU
		{C17173D2-5A13-45CA-8D4A-83283B029F63}.Release|x86.ActiveCfg = Release|Any CPU
		{C17173D2-5A13-45CA-8D4A-83283B029F63}.Release|x86.Build.0 = Release|Any CPU
		{3114C7DD-86C2-4709-845F-DF5563F67A7B}.Debug|Any CPU.ActiveCfg = Debug|Any CPU
		{3114C7DD-86C2-4709-845F-DF5563F67A7B}.Debug|Any CPU.Build.0 = Debug|Any CPU
		{3114C7DD-86C2-4709-845F-DF5563F67A7B}.Debug|x64.ActiveCfg = Debug|Any CPU
		{3114C7DD-86C2-4709-845F-DF5563F67A7B}.Debug|x64.Build.0 = Debug|Any CPU
		{3114C7DD-86C2-4709-845F-DF5563F67A7B}.Debug|x86.ActiveCfg = Debug|Any CPU
		{3114C7DD-86C2-4709-845F-DF5563F67A7B}.Debug|x86.Build.0 = Debug|Any CPU
		{3114C7DD-86C2-4709-845F-DF5563F67A7B}.Release|Any CPU.ActiveCfg = Release|Any CPU
		{3114C7DD-86C2-4709-845F-DF5563F67A7B}.Release|Any CPU.Build.0 = Release|Any CPU
		{3114C7DD-86C2-4709-845F-DF5563F67A7B}.Release|x64.ActiveCfg = Release|Any CPU
		{3114C7DD-86C2-4709-845F-DF5563F67A7B}.Release|x64.Build.0 = Release|Any CPU
		{3114C7DD-86C2-4709-845F-DF5563F67A7B}.Release|x86.ActiveCfg = Release|Any CPU
		{3114C7DD-86C2-4709-845F-DF5563F67A7B}.Release|x86.Build.0 = Release|Any CPU
		{16E51888-3B54-45DB-90E1-C1E413541EE6}.Debug|Any CPU.ActiveCfg = Debug|Any CPU
		{16E51888-3B54-45DB-90E1-C1E413541EE6}.Debug|Any CPU.Build.0 = Debug|Any CPU
		{16E51888-3B54-45DB-90E1-C1E413541EE6}.Debug|x64.ActiveCfg = Debug|Any CPU
		{16E51888-3B54-45DB-90E1-C1E413541EE6}.Debug|x64.Build.0 = Debug|Any CPU
		{16E51888-3B54-45DB-90E1-C1E413541EE6}.Debug|x86.ActiveCfg = Debug|Any CPU
		{16E51888-3B54-45DB-90E1-C1E413541EE6}.Debug|x86.Build.0 = Debug|Any CPU
		{16E51888-3B54-45DB-90E1-C1E413541EE6}.Release|Any CPU.ActiveCfg = Release|Any CPU
		{16E51888-3B54-45DB-90E1-C1E413541EE6}.Release|Any CPU.Build.0 = Release|Any CPU
		{16E51888-3B54-45DB-90E1-C1E413541EE6}.Release|x64.ActiveCfg = Release|Any CPU
		{16E51888-3B54-45DB-90E1-C1E413541EE6}.Release|x64.Build.0 = Release|Any CPU
		{16E51888-3B54-45DB-90E1-C1E413541EE6}.Release|x86.ActiveCfg = Release|Any CPU
		{16E51888-3B54-45DB-90E1-C1E413541EE6}.Release|x86.Build.0 = Release|Any CPU
		{E947956B-8D58-4439-9272-3678BB999632}.Debug|Any CPU.ActiveCfg = Debug|Any CPU
		{E947956B-8D58-4439-9272-3678BB999632}.Debug|Any CPU.Build.0 = Debug|Any CPU
		{E947956B-8D58-4439-9272-3678BB999632}.Debug|x64.ActiveCfg = Debug|Any CPU
		{E947956B-8D58-4439-9272-3678BB999632}.Debug|x64.Build.0 = Debug|Any CPU
		{E947956B-8D58-4439-9272-3678BB999632}.Debug|x86.ActiveCfg = Debug|Any CPU
		{E947956B-8D58-4439-9272-3678BB999632}.Debug|x86.Build.0 = Debug|Any CPU
		{E947956B-8D58-4439-9272-3678BB999632}.Release|Any CPU.ActiveCfg = Release|Any CPU
		{E947956B-8D58-4439-9272-3678BB999632}.Release|Any CPU.Build.0 = Release|Any CPU
		{E947956B-8D58-4439-9272-3678BB999632}.Release|x64.ActiveCfg = Release|Any CPU
		{E947956B-8D58-4439-9272-3678BB999632}.Release|x64.Build.0 = Release|Any CPU
		{E947956B-8D58-4439-9272-3678BB999632}.Release|x86.ActiveCfg = Release|Any CPU
		{E947956B-8D58-4439-9272-3678BB999632}.Release|x86.Build.0 = Release|Any CPU
		{F59D5B87-9EF0-4C0D-B702-E490621CC4AD}.Debug|Any CPU.ActiveCfg = Debug|Any CPU
		{F59D5B87-9EF0-4C0D-B702-E490621CC4AD}.Debug|Any CPU.Build.0 = Debug|Any CPU
		{F59D5B87-9EF0-4C0D-B702-E490621CC4AD}.Debug|x64.ActiveCfg = Debug|Any CPU
		{F59D5B87-9EF0-4C0D-B702-E490621CC4AD}.Debug|x64.Build.0 = Debug|Any CPU
		{F59D5B87-9EF0-4C0D-B702-E490621CC4AD}.Debug|x86.ActiveCfg = Debug|Any CPU
		{F59D5B87-9EF0-4C0D-B702-E490621CC4AD}.Debug|x86.Build.0 = Debug|Any CPU
		{F59D5B87-9EF0-4C0D-B702-E490621CC4AD}.Release|Any CPU.ActiveCfg = Release|Any CPU
		{F59D5B87-9EF0-4C0D-B702-E490621CC4AD}.Release|Any CPU.Build.0 = Release|Any CPU
		{F59D5B87-9EF0-4C0D-B702-E490621CC4AD}.Release|x64.ActiveCfg = Release|Any CPU
		{F59D5B87-9EF0-4C0D-B702-E490621CC4AD}.Release|x64.Build.0 = Release|Any CPU
		{F59D5B87-9EF0-4C0D-B702-E490621CC4AD}.Release|x86.ActiveCfg = Release|Any CPU
		{F59D5B87-9EF0-4C0D-B702-E490621CC4AD}.Release|x86.Build.0 = Release|Any CPU
		{BB4EB2B5-F257-4E3E-9AE7-5D9FFE1CC134}.Debug|Any CPU.ActiveCfg = Debug|Any CPU
		{BB4EB2B5-F257-4E3E-9AE7-5D9FFE1CC134}.Debug|Any CPU.Build.0 = Debug|Any CPU
		{BB4EB2B5-F257-4E3E-9AE7-5D9FFE1CC134}.Debug|x64.ActiveCfg = Debug|Any CPU
		{BB4EB2B5-F257-4E3E-9AE7-5D9FFE1CC134}.Debug|x64.Build.0 = Debug|Any CPU
		{BB4EB2B5-F257-4E3E-9AE7-5D9FFE1CC134}.Debug|x86.ActiveCfg = Debug|Any CPU
		{BB4EB2B5-F257-4E3E-9AE7-5D9FFE1CC134}.Debug|x86.Build.0 = Debug|Any CPU
		{BB4EB2B5-F257-4E3E-9AE7-5D9FFE1CC134}.Release|Any CPU.ActiveCfg = Release|Any CPU
		{BB4EB2B5-F257-4E3E-9AE7-5D9FFE1CC134}.Release|Any CPU.Build.0 = Release|Any CPU
		{BB4EB2B5-F257-4E3E-9AE7-5D9FFE1CC134}.Release|x64.ActiveCfg = Release|Any CPU
		{BB4EB2B5-F257-4E3E-9AE7-5D9FFE1CC134}.Release|x64.Build.0 = Release|Any CPU
		{BB4EB2B5-F257-4E3E-9AE7-5D9FFE1CC134}.Release|x86.ActiveCfg = Release|Any CPU
		{BB4EB2B5-F257-4E3E-9AE7-5D9FFE1CC134}.Release|x86.Build.0 = Release|Any CPU
		{C893CEEC-DEA1-4EC1-8D48-CEAB0AE24821}.Debug|Any CPU.ActiveCfg = Debug|Any CPU
		{C893CEEC-DEA1-4EC1-8D48-CEAB0AE24821}.Debug|Any CPU.Build.0 = Debug|Any CPU
		{C893CEEC-DEA1-4EC1-8D48-CEAB0AE24821}.Debug|x64.ActiveCfg = Debug|Any CPU
		{C893CEEC-DEA1-4EC1-8D48-CEAB0AE24821}.Debug|x64.Build.0 = Debug|Any CPU
		{C893CEEC-DEA1-4EC1-8D48-CEAB0AE24821}.Debug|x86.ActiveCfg = Debug|Any CPU
		{C893CEEC-DEA1-4EC1-8D48-CEAB0AE24821}.Debug|x86.Build.0 = Debug|Any CPU
		{C893CEEC-DEA1-4EC1-8D48-CEAB0AE24821}.Release|Any CPU.ActiveCfg = Release|Any CPU
		{C893CEEC-DEA1-4EC1-8D48-CEAB0AE24821}.Release|Any CPU.Build.0 = Release|Any CPU
		{C893CEEC-DEA1-4EC1-8D48-CEAB0AE24821}.Release|x64.ActiveCfg = Release|Any CPU
		{C893CEEC-DEA1-4EC1-8D48-CEAB0AE24821}.Release|x64.Build.0 = Release|Any CPU
		{C893CEEC-DEA1-4EC1-8D48-CEAB0AE24821}.Release|x86.ActiveCfg = Release|Any CPU
		{C893CEEC-DEA1-4EC1-8D48-CEAB0AE24821}.Release|x86.Build.0 = Release|Any CPU
		{6B4A879D-7207-42CE-A39A-9AEE3DEFE4BD}.Debug|Any CPU.ActiveCfg = Debug|Any CPU
		{6B4A879D-7207-42CE-A39A-9AEE3DEFE4BD}.Debug|Any CPU.Build.0 = Debug|Any CPU
		{6B4A879D-7207-42CE-A39A-9AEE3DEFE4BD}.Debug|x64.ActiveCfg = Debug|Any CPU
		{6B4A879D-7207-42CE-A39A-9AEE3DEFE4BD}.Debug|x64.Build.0 = Debug|Any CPU
		{6B4A879D-7207-42CE-A39A-9AEE3DEFE4BD}.Debug|x86.ActiveCfg = Debug|Any CPU
		{6B4A879D-7207-42CE-A39A-9AEE3DEFE4BD}.Debug|x86.Build.0 = Debug|Any CPU
		{6B4A879D-7207-42CE-A39A-9AEE3DEFE4BD}.Release|Any CPU.ActiveCfg = Release|Any CPU
		{6B4A879D-7207-42CE-A39A-9AEE3DEFE4BD}.Release|Any CPU.Build.0 = Release|Any CPU
		{6B4A879D-7207-42CE-A39A-9AEE3DEFE4BD}.Release|x64.ActiveCfg = Release|Any CPU
		{6B4A879D-7207-42CE-A39A-9AEE3DEFE4BD}.Release|x64.Build.0 = Release|Any CPU
		{6B4A879D-7207-42CE-A39A-9AEE3DEFE4BD}.Release|x86.ActiveCfg = Release|Any CPU
		{6B4A879D-7207-42CE-A39A-9AEE3DEFE4BD}.Release|x86.Build.0 = Release|Any CPU
		{A617B418-9522-4EE9-9485-CBAA0C387862}.Debug|Any CPU.ActiveCfg = Debug|Any CPU
		{A617B418-9522-4EE9-9485-CBAA0C387862}.Debug|Any CPU.Build.0 = Debug|Any CPU
		{A617B418-9522-4EE9-9485-CBAA0C387862}.Debug|x64.ActiveCfg = Debug|Any CPU
		{A617B418-9522-4EE9-9485-CBAA0C387862}.Debug|x64.Build.0 = Debug|Any CPU
		{A617B418-9522-4EE9-9485-CBAA0C387862}.Debug|x86.ActiveCfg = Debug|Any CPU
		{A617B418-9522-4EE9-9485-CBAA0C387862}.Debug|x86.Build.0 = Debug|Any CPU
		{A617B418-9522-4EE9-9485-CBAA0C387862}.Release|Any CPU.ActiveCfg = Release|Any CPU
		{A617B418-9522-4EE9-9485-CBAA0C387862}.Release|Any CPU.Build.0 = Release|Any CPU
		{A617B418-9522-4EE9-9485-CBAA0C387862}.Release|x64.ActiveCfg = Release|Any CPU
		{A617B418-9522-4EE9-9485-CBAA0C387862}.Release|x64.Build.0 = Release|Any CPU
		{A617B418-9522-4EE9-9485-CBAA0C387862}.Release|x86.ActiveCfg = Release|Any CPU
		{A617B418-9522-4EE9-9485-CBAA0C387862}.Release|x86.Build.0 = Release|Any CPU
	EndGlobalSection
	GlobalSection(SolutionProperties) = preSolution
		HideSolutionNode = FALSE
	EndGlobalSection
	GlobalSection(NestedProjects) = preSolution
		{759E5A82-EF5D-1EE1-AFC2-FD6B9E0C5E77} = {809F86A1-1C4C-B159-0CD4-DF9D33D876CE}
		{7BE731F1-FE77-4B00-A60F-94EE9F548E8D} = {759E5A82-EF5D-1EE1-AFC2-FD6B9E0C5E77}
		{359BA2D5-7CE6-442F-8D3F-F9442D08D387} = {759E5A82-EF5D-1EE1-AFC2-FD6B9E0C5E77}
		{C17173D2-5A13-45CA-8D4A-83283B029F63} = {759E5A82-EF5D-1EE1-AFC2-FD6B9E0C5E77}
		{3114C7DD-86C2-4709-845F-DF5563F67A7B} = {759E5A82-EF5D-1EE1-AFC2-FD6B9E0C5E77}
		{270F7A58-C097-D64B-0343-582534E94D4F} = {1787FE1D-075E-9E68-7218-25F1BD1BBEAB}
		{1920CBB4-FE27-C142-3384-D49AA758F490} = {270F7A58-C097-D64B-0343-582534E94D4F}
		{16E51888-3B54-45DB-90E1-C1E413541EE6} = {1920CBB4-FE27-C142-3384-D49AA758F490}
		{E947956B-8D58-4439-9272-3678BB999632} = {1920CBB4-FE27-C142-3384-D49AA758F490}
		{F59D5B87-9EF0-4C0D-B702-E490621CC4AD} = {1920CBB4-FE27-C142-3384-D49AA758F490}
		{BB4EB2B5-F257-4E3E-9AE7-5D9FFE1CC134} = {1920CBB4-FE27-C142-3384-D49AA758F490}
		{C893CEEC-DEA1-4EC1-8D48-CEAB0AE24821} = {1920CBB4-FE27-C142-3384-D49AA758F490}
		{3EAB8F00-DFE9-4340-BE53-6BB9AFCFD3E5} = {270F7A58-C097-D64B-0343-582534E94D4F}
		{6B4A879D-7207-42CE-A39A-9AEE3DEFE4BD} = {3EAB8F00-DFE9-4340-BE53-6BB9AFCFD3E5}
		{A617B418-9522-4EE9-9485-CBAA0C387862} = {3EAB8F00-DFE9-4340-BE53-6BB9AFCFD3E5}
	EndGlobalSection
EndGlobal
